Microsoft Visual Studio Solution File, Format Version 12.00
# Visual Studio Version 17
VisualStudioVersion = 17.5.2.0
MinimumVisualStudioVersion = 10.0.40219.1
Project("{FAE04EC0-301F-11D3-BF4B-00C04F79EFBC}") = "ArgusReduxCore", "ArgusReduxCore.csproj", "{A29DA077-D260-7F05-EEB1-C60B096B3420}"
EndProject
Global
	GlobalSection(SolutionConfigurationPlatforms) = preSolution
		Debug|Any CPU = Debug|Any CPU
		Release|Any CPU = Release|Any CPU
	EndGlobalSection
	GlobalSection(ProjectConfigurationPlatforms) = postSolution
		{A29DA077-D260-7F05-EEB1-C60B096B3420}.Debug|Any CPU.ActiveCfg = Debug|Any CPU
		{A29DA077-D260-7F05-EEB1-C60B096B3420}.Debug|Any CPU.Build.0 = Debug|Any CPU
		{A29DA077-D260-7F05-EEB1-C60B096B3420}.Release|Any CPU.ActiveCfg = Release|Any CPU
		{A29DA077-D260-7F05-EEB1-C60B096B3420}.Release|Any CPU.Build.0 = Release|Any CPU
	EndGlobalSection
	GlobalSection(SolutionProperties) = preSolution
		HideSolutionNode = FALSE
	EndGlobalSection
	GlobalSection(ExtensibilityGlobals) = postSolution
		SolutionGuid = {C4FA6B09-137D-4942-A4F4-9ED571A190F2}
	EndGlobalSection
EndGlobal
